
Microsoft Visual Studio Solution File, Format Version 12.00
# Visual Studio Version 16
VisualStudioVersion = 16.0.30406.217
MinimumVisualStudioVersion = 10.0.40219.1
Project("{FAE04EC0-301F-11D3-BF4B-00C04F79EFBC}") = "array_assingment", "array_assingment\array_assingment.csproj", "{8FA402A6-4CC0-4338-8257-72B3DC45A971}"
EndProject
Global
	GlobalSection(SolutionConfigurationPlatforms) = preSolution
		Debug|Any CPU = Debug|Any CPU
		Release|Any CPU = Release|Any CPU
	EndGlobalSection
	GlobalSection(ProjectConfigurationPlatforms) = postSolution
		{8FA402A6-4CC0-4338-8257-72B3DC45A971}.Debug|Any CPU.ActiveCfg = Debug|Any CPU
		{8FA402A6-4CC0-4338-8257-72B3DC45A971}.Debug|Any CPU.Build.0 = Debug|Any CPU
		{8FA402A6-4CC0-4338-8257-72B3DC45A971}.Release|Any CPU.ActiveCfg = Release|Any CPU
		{8FA402A6-4CC0-4338-8257-72B3DC45A971}.Release|Any CPU.Build.0 = Release|Any CPU
	EndGlobalSection
	GlobalSection(SolutionProperties) = preSolution
		HideSolutionNode = FALSE
	EndGlobalSection
	GlobalSection(ExtensibilityGlobals) = postSolution
		SolutionGuid = {35A10B85-F5EA-4F54-86F7-9BE07DAC8A04}
	EndGlobalSection
EndGlobal
